
Microsoft Visual Studio Solution File, Format Version 12.00
# Visual Studio Version 16
VisualStudioVersion = 16.0.29519.87
MinimumVisualStudioVersion = 10.0.40219.1
Project("{8BC9CEB8-8B4A-11D0-8D11-00A0C91BC942}") = "AdventOfCode", "AdventOfCode.vcxproj", "{9F417C27-2440-41CA-9871-49FA8307155C}"
EndProject
Project("{8BC9CEB8-8B4A-11D0-8D11-00A0C91BC942}") = "AdventOfCodeTest", "..\AdventOfCodeTest\AdventOfCodeTest.vcxproj", "{4BE80308-65DD-4760-8FDC-B986DB135D66}"
EndProject
Global
	GlobalSection(SolutionConfigurationPlatforms) = preSolution
		Debug|x64 = Debug|x64
		Debug|x86 = Debug|x86
		Release|x64 = Release|x64
		Release|x86 = Release|x86
	EndGlobalSection
	GlobalSection(ProjectConfigurationPlatforms) = postSolution
		{9F417C27-2440-41CA-9871-49FA8307155C}.Debug|x64.ActiveCfg = Debug|x64
		{9F417C27-2440-41CA-9871-49FA8307155C}.Debug|x64.Build.0 = Debug|x64
		{9F417C27-2440-41CA-9871-49FA8307155C}.Debug|x86.ActiveCfg = Debug|Win32
		{9F417C27-2440-41CA-9871-49FA8307155C}.Debug|x86.Build.0 = Debug|Win32
		{9F417C27-2440-41CA-9871-49FA8307155C}.Release|x64.ActiveCfg = Release|x64
		{9F417C27-2440-41CA-9871-49FA8307155C}.Release|x64.Build.0 = Release|x64
		{9F417C27-2440-41CA-9871-49FA8307155C}.Release|x86.ActiveCfg = Release|Win32
		{9F417C27-2440-41CA-9871-49FA8307155C}.Release|x86.Build.0 = Release|Win32
		{4BE80308-65DD-4760-8FDC-B986DB135D66}.Debug|x64.ActiveCfg = Debug|x64
		{4BE80308-65DD-4760-8FDC-B986DB135D66}.Debug|x64.Build.0 = Debug|x64
		{4BE80308-65DD-4760-8FDC-B986DB135D66}.Debug|x86.ActiveCfg = Debug|Win32
		{4BE80308-65DD-4760-8FDC-B986DB135D66}.Debug|x86.Build.0 = Debug|Win32
		{4BE80308-65DD-4760-8FDC-B986DB135D66}.Release|x64.ActiveCfg = Release|x64
		{4BE80308-65DD-4760-8FDC-B986DB135D66}.Release|x64.Build.0 = Release|x64
		{4BE80308-65DD-4760-8FDC-B986DB135D66}.Release|x86.ActiveCfg = Release|Win32
		{4BE80308-65DD-4760-8FDC-B986DB135D66}.Release|x86.Build.0 = Release|Win32
	EndGlobalSection
	GlobalSection(SolutionProperties) = preSolution
		HideSolutionNode = FALSE
	EndGlobalSection
	GlobalSection(ExtensibilityGlobals) = postSolution
		SolutionGuid = {18893B4B-437D-4ECB-A725-01E5482DB77C}
	EndGlobalSection
EndGlobal
